// !$*UTF8*$!
{ archiveVersion = 1; classes = {}; objectVersion = 56; objects = {
000000000000000000000001 = { isa = PBXProject; buildConfigurationList = 000000000000000000000014; compatibilityVersion = "Xcode 14.0"; developmentRegion = en; hasScannedForEncodings = 0; knownRegions = (en, Base); mainGroup = 000000000000000000000002; productRefGroup = 000000000000000000000003; projectDirPath = ""; projectRoot = ""; targets = (00000000000000000000000A, 00000000000000000000000B); };
000000000000000000000002 = { isa = PBXGroup; children = (000000000000000000000004, 000000000000000000000005, 000000000000000000000003); sourceTree = "<group>"; };
000000000000000000000003 = { isa = PBXGroup; name = Products; children = (000000000000000000000006, 000000000000000000000007); sourceTree = "<group>"; };
000000000000000000000004 = { isa = PBXFileReference; lastKnownFileType = sourcecode.swift; path = Smoke.swift; sourceTree = "<group>"; };
000000000000000000000005 = { isa = PBXFileReference; lastKnownFileType = sourcecode.swift; path = SmokeTests.swift; sourceTree = "<group>"; };
000000000000000000000006 = { isa = PBXFileReference; lastKnownFileType = wrapper.application; path = Smoke.app; sourceTree = "BUILT_PRODUCTS_DIR"; };
000000000000000000000007 = { isa = PBXFileReference; lastKnownFileType = wrapper.cfbundle; path = SmokeTests.xctest; sourceTree = "BUILT_PRODUCTS_DIR"; };
000000000000000000000008 = { isa = PBXBuildFile; fileRef = 000000000000000000000004; };
000000000000000000000009 = { isa = PBXBuildFile; fileRef = 000000000000000000000005; };
00000000000000000000000A = { isa = PBXNativeTarget; buildConfigurationList = 000000000000000000000015; buildPhases = (00000000000000000000000C); buildRules = (); dependencies = (); name = Smoke; productName = Smoke; productReference = 000000000000000000000006; productType = "com.apple.product-type.application"; };
00000000000000000000000B = { isa = PBXNativeTarget; buildConfigurationList = 000000000000000000000016; buildPhases = (00000000000000000000000D); buildRules = (); dependencies = (); name = SmokeTests; productName = SmokeTests; productReference = 000000000000000000000007; productType = "com.apple.product-type.bundle.unit-test"; };
00000000000000000000000C = { isa = PBXSourcesBuildPhase; buildActionMask = 2147483647; files = (000000000000000000000008); runOnlyForDeploymentPostprocessing = 0; };
00000000000000000000000D = { isa = PBXSourcesBuildPhase; buildActionMask = 2147483647; files = (000000000000000000000009); runOnlyForDeploymentPostprocessing = 0; };
000000000000000000000014 = { isa = XCConfigurationList; buildConfigurations = (00000000000000000000001E, 00000000000000000000001F); defaultConfigurationIsVisible = 0; defaultConfigurationName = Release; };
000000000000000000000015 = { isa = XCConfigurationList; buildConfigurations = (000000000000000000000020, 000000000000000000000021); defaultConfigurationIsVisible = 0; defaultConfigurationName = Release; };
000000000000000000000016 = { isa = XCConfigurationList; buildConfigurations = (000000000000000000000022, 000000000000000000000023); defaultConfigurationIsVisible = 0; defaultConfigurationName = Release; };
00000000000000000000001E = { isa = XCBuildConfiguration; buildSettings = { SDKROOT = macosx; SUPPORTED_PLATFORMS = "macosx iphoneos iphonesimulator"; MACOSX_DEPLOYMENT_TARGET = 14.0; IPHONEOS_DEPLOYMENT_TARGET = 16.0; SWIFT_VERSION = 5.0; CLANG_ENABLE_MODULES = YES; SWIFT_OPTIMIZATION_LEVEL = "-Onone"; ENABLE_TESTABILITY = YES; }; name = Debug; };
00000000000000000000001F = { isa = XCBuildConfiguration; buildSettings = { SDKROOT = macosx; SUPPORTED_PLATFORMS = "macosx iphoneos iphonesimulator"; MACOSX_DEPLOYMENT_TARGET = 14.0; IPHONEOS_DEPLOYMENT_TARGET = 16.0; SWIFT_VERSION = 5.0; CLANG_ENABLE_MODULES = YES; SWIFT_OPTIMIZATION_LEVEL = "-O"; ENABLE_TESTABILITY = YES; }; name = Release; };
000000000000000000000020 = { isa = XCBuildConfiguration; buildSettings = { PRODUCT_NAME = "$(TARGET_NAME)"; GENERATE_INFOPLIST_FILE = YES; CODE_SIGN_STYLE = Automatic; PRODUCT_BUNDLE_IDENTIFIER = org.afteredit.fixture.Smoke; }; name = Debug; };
000000000000000000000021 = { isa = XCBuildConfiguration; buildSettings = { PRODUCT_NAME = "$(TARGET_NAME)"; GENERATE_INFOPLIST_FILE = YES; CODE_SIGN_STYLE = Automatic; PRODUCT_BUNDLE_IDENTIFIER = org.afteredit.fixture.Smoke; }; name = Release; };
000000000000000000000022 = { isa = XCBuildConfiguration; buildSettings = { PRODUCT_NAME = "$(TARGET_NAME)"; GENERATE_INFOPLIST_FILE = YES; CODE_SIGN_STYLE = Automatic; PRODUCT_BUNDLE_IDENTIFIER = org.afteredit.fixture.SmokeTests; ENABLE_TESTING_SEARCH_PATHS = YES; FRAMEWORK_SEARCH_PATHS = "$(PLATFORM_DIR)/Developer/Library/Frameworks"; LD_RUNPATH_SEARCH_PATHS = "$(inherited) @loader_path/Frameworks"; }; name = Debug; };
000000000000000000000023 = { isa = XCBuildConfiguration; buildSettings = { PRODUCT_NAME = "$(TARGET_NAME)"; GENERATE_INFOPLIST_FILE = YES; CODE_SIGN_STYLE = Automatic; PRODUCT_BUNDLE_IDENTIFIER = org.afteredit.fixture.SmokeTests; ENABLE_TESTING_SEARCH_PATHS = YES; FRAMEWORK_SEARCH_PATHS = "$(PLATFORM_DIR)/Developer/Library/Frameworks"; LD_RUNPATH_SEARCH_PATHS = "$(inherited) @loader_path/Frameworks"; }; name = Release; };
}; rootObject = 000000000000000000000001; }
